
Microsoft Visual Studio Solution File, Format Version 12.00
# Visual Studio Version 17
VisualStudioVersion = 17.11.35219.272
MinimumVisualStudioVersion = 10.0.40219.1
Project("{FAE04EC0-301F-11D3-BF4B-00C04F79EFBC}") = "Logan G - D201 Assignment", "Logan G - D201 Assignment\Logan G - D201 Assignment.csproj", "{D35E22AB-4100-49EF-8852-8EC359545D74}"
EndProject
Global
	GlobalSection(SolutionConfigurationPlatforms) = preSolution
		Debug|Any CPU = Debug|Any CPU
		Release|Any CPU = Release|Any CPU
	EndGlobalSection
	GlobalSection(ProjectConfigurationPlatforms) = postSolution
		{D35E22AB-4100-49EF-8852-8EC359545D74}.Debug|Any CPU.ActiveCfg = Debug|Any CPU
		{D35E22AB-4100-49EF-8852-8EC359545D74}.Debug|Any CPU.Build.0 = Debug|Any CPU
		{D35E22AB-4100-49EF-8852-8EC359545D74}.Release|Any CPU.ActiveCfg = Release|Any CPU
		{D35E22AB-4100-49EF-8852-8EC359545D74}.Release|Any CPU.Build.0 = Release|Any CPU
	EndGlobalSection
	GlobalSection(SolutionProperties) = preSolution
		HideSolutionNode = FALSE
	EndGlobalSection
	GlobalSection(ExtensibilityGlobals) = postSolution
		SolutionGuid = {E1BD046D-E4CA-4A00-A639-EE3850EB7B8B}
	EndGlobalSection
EndGlobal
